
Microsoft Visual Studio Solution File, Format Version 12.00
# Visual Studio Version 17
VisualStudioVersion = 17.7.34003.232
MinimumVisualStudioVersion = 10.0.40219.1
Project("{FAE04EC0-301F-11D3-BF4B-00C04F79EFBC}") = "ArrayAlgs", "ArrayAlgs\ArrayAlgs.csproj", "{947B7D4D-A79F-423D-AFF3-1628A9369BC5}"
EndProject
Project("{FAE04EC0-301F-11D3-BF4B-00C04F79EFBC}") = "Tests", "Tests\Tests.csproj", "{2084B16E-B3FC-470B-8D78-2427F002E1B7}"
EndProject
Global
	GlobalSection(SolutionConfigurationPlatforms) = preSolution
		Debug|Any CPU = Debug|Any CPU
		Release|Any CPU = Release|Any CPU
	EndGlobalSection
	GlobalSection(ProjectConfigurationPlatforms) = postSolution
		{947B7D4D-A79F-423D-AFF3-1628A9369BC5}.Debug|Any CPU.ActiveCfg = Debug|Any CPU
		{947B7D4D-A79F-423D-AFF3-1628A9369BC5}.Debug|Any CPU.Build.0 = Debug|Any CPU
		{947B7D4D-A79F-423D-AFF3-1628A9369BC5}.Release|Any CPU.ActiveCfg = Release|Any CPU
		{947B7D4D-A79F-423D-AFF3-1628A9369BC5}.Release|Any CPU.Build.0 = Release|Any CPU
		{2084B16E-B3FC-470B-8D78-2427F002E1B7}.Debug|Any CPU.ActiveCfg = Debug|Any CPU
		{2084B16E-B3FC-470B-8D78-2427F002E1B7}.Debug|Any CPU.Build.0 = Debug|Any CPU
		{2084B16E-B3FC-470B-8D78-2427F002E1B7}.Release|Any CPU.ActiveCfg = Release|Any CPU
		{2084B16E-B3FC-470B-8D78-2427F002E1B7}.Release|Any CPU.Build.0 = Release|Any CPU
	EndGlobalSection
	GlobalSection(SolutionProperties) = preSolution
		HideSolutionNode = FALSE
	EndGlobalSection
	GlobalSection(ExtensibilityGlobals) = postSolution
		SolutionGuid = {3BD4AF8C-6786-478A-B1E5-961897032CC9}
	EndGlobalSection
EndGlobal
